
Microsoft Visual Studio Solution File, Format Version 11.00
# Visual Studio 2010
Project("{FAE04EC0-301F-11D3-BF4B-00C04F79EFBC}") = "UniLab", "Unity.Postprocessing.Runtime.csproj", "{89168608-B676-2C44-31C1-3DF98DAC35EA}"
EndProject
Project("{FAE04EC0-301F-11D3-BF4B-00C04F79EFBC}") = "UniLab", "Assembly-CSharp.csproj", "{B7A699DF-EC21-97A0-6A6C-8996B313CD7F}"
EndProject
Project("{FAE04EC0-301F-11D3-BF4B-00C04F79EFBC}") = "UniLab", "Unity.Postprocessing.Runtime.Tests.csproj", "{4224BDC8-AFFB-ADCE-636C-528B73BF05D1}"
EndProject
Project("{FAE04EC0-301F-11D3-BF4B-00C04F79EFBC}") = "UniLab", "Assembly-CSharp-Editor.csproj", "{9049DEE4-0872-7D87-10A2-8C5DCA60EB63}"
EndProject
Project("{FAE04EC0-301F-11D3-BF4B-00C04F79EFBC}") = "UniLab", "Unity.Postprocessing.Editor.csproj", "{E210B741-EB60-02DD-DDA5-BEFFB91B5464}"
EndProject
Project("{FAE04EC0-301F-11D3-BF4B-00C04F79EFBC}") = "UniLab", "Unity.Postprocessing.Editor.Tests.csproj", "{9F20F93E-21B9-8F7B-34FC-E97F706EF65A}"
EndProject
Global
	GlobalSection(SolutionConfigurationPlatforms) = preSolution
		Debug|Any CPU = Debug|Any CPU
		Release|Any CPU = Release|Any CPU
	EndGlobalSection
	GlobalSection(ProjectConfigurationPlatforms) = postSolution
		{89168608-B676-2C44-31C1-3DF98DAC35EA}.Debug|Any CPU.ActiveCfg = Debug|Any CPU
		{89168608-B676-2C44-31C1-3DF98DAC35EA}.Debug|Any CPU.Build.0 = Debug|Any CPU
		{89168608-B676-2C44-31C1-3DF98DAC35EA}.Release|Any CPU.ActiveCfg = Release|Any CPU
		{89168608-B676-2C44-31C1-3DF98DAC35EA}.Release|Any CPU.Build.0 = Release|Any CPU
		{B7A699DF-EC21-97A0-6A6C-8996B313CD7F}.Debug|Any CPU.ActiveCfg = Debug|Any CPU
		{B7A699DF-EC21-97A0-6A6C-8996B313CD7F}.Debug|Any CPU.Build.0 = Debug|Any CPU
		{B7A699DF-EC21-97A0-6A6C-8996B313CD7F}.Release|Any CPU.ActiveCfg = Release|Any CPU
		{B7A699DF-EC21-97A0-6A6C-8996B313CD7F}.Release|Any CPU.Build.0 = Release|Any CPU
		{4224BDC8-AFFB-ADCE-636C-528B73BF05D1}.Debug|Any CPU.ActiveCfg = Debug|Any CPU
		{4224BDC8-AFFB-ADCE-636C-528B73BF05D1}.Debug|Any CPU.Build.0 = Debug|Any CPU
		{4224BDC8-AFFB-ADCE-636C-528B73BF05D1}.Release|Any CPU.ActiveCfg = Release|Any CPU
		{4224BDC8-AFFB-ADCE-636C-528B73BF05D1}.Release|Any CPU.Build.0 = Release|Any CPU
		{9049DEE4-0872-7D87-10A2-8C5DCA60EB63}.Debug|Any CPU.ActiveCfg = Debug|Any CPU
		{9049DEE4-0872-7D87-10A2-8C5DCA60EB63}.Debug|Any CPU.Build.0 = Debug|Any CPU
		{9049DEE4-0872-7D87-10A2-8C5DCA60EB63}.Release|Any CPU.ActiveCfg = Release|Any CPU
		{9049DEE4-0872-7D87-10A2-8C5DCA60EB63}.Release|Any CPU.Build.0 = Release|Any CPU
		{E210B741-EB60-02DD-DDA5-BEFFB91B5464}.Debug|Any CPU.ActiveCfg = Debug|Any CPU
		{E210B741-EB60-02DD-DDA5-BEFFB91B5464}.Debug|Any CPU.Build.0 = Debug|Any CPU
		{E210B741-EB60-02DD-DDA5-BEFFB91B5464}.Release|Any CPU.ActiveCfg = Release|Any CPU
		{E210B741-EB60-02DD-DDA5-BEFFB91B5464}.Release|Any CPU.Build.0 = Release|Any CPU
		{9F20F93E-21B9-8F7B-34FC-E97F706EF65A}.Debug|Any CPU.ActiveCfg = Debug|Any CPU
		{9F20F93E-21B9-8F7B-34FC-E97F706EF65A}.Debug|Any CPU.Build.0 = Debug|Any CPU
		{9F20F93E-21B9-8F7B-34FC-E97F706EF65A}.Release|Any CPU.ActiveCfg = Release|Any CPU
		{9F20F93E-21B9-8F7B-34FC-E97F706EF65A}.Release|Any CPU.Build.0 = Release|Any CPU
	EndGlobalSection
	GlobalSection(SolutionProperties) = preSolution
		HideSolutionNode = FALSE
	EndGlobalSection
	GlobalSection(MonoDevelopProperties) = preSolution
		StartupItem = Assembly-CSharp.csproj
	EndGlobalSection
EndGlobal
